PODS:
  - Flutter (1.0.0)
  - fluttercontactpicker (3.1.0):
    - Flutter

DEPENDENCIES:
  - Flutter (from `Flutter`)
  - fluttercontactpicker (from `.symlinks/plugins/fluttercontactpicker/ios`)

EXTERNAL SOURCES:
  Flutter:
    :path: Flutter
  fluttercontactpicker:
    :path: ".symlinks/plugins/fluttercontactpicker/ios"

SPEC CHECKSUMS:
  Flutter: 0e3d915762c693b495b44d77113d4970485de6ec
  fluttercontactpicker: 3a69f749dcc3fab94b816ad68fa838a6f0a1cf0f

PODFILE CHECKSUM: aafe91acc616949ddb318b77800a7f51bffa2a4c

COCOAPODS: 1.9.3
