PODS:
  - Flutter (1.0.0)
  - fluttercontactpicker (4.5.1):
    - Flutter

DEPENDENCIES:
  - Flutter (from `Flutter`)
  - fluttercontactpicker (from `.symlinks/plugins/fluttercontactpicker/ios`)

EXTERNAL SOURCES:
  Flutter:
    :path: Flutter
  fluttercontactpicker:
    :path: ".symlinks/plugins/fluttercontactpicker/ios"

SPEC CHECKSUMS:
  Flutter: 434fef37c0980e73bb6479ef766c45957d4b510c
  fluttercontactpicker: 141493596bfca4a786d695d2572c65885bc4f088

PODFILE CHECKSUM: aafe91acc616949ddb318b77800a7f51bffa2a4c

COCOAPODS: 1.10.1
