PODS:
  - Flutter (1.0.0)
  - flutter_contact (0.0.1):
    - Flutter
  - fluttercontactpicker (4.5.1):
    - Flutter

DEPENDENCIES:
  - Flutter (from `Flutter`)
  - flutter_contact (from `.symlinks/plugins/flutter_contact/ios`)
  - fluttercontactpicker (from `.symlinks/plugins/fluttercontactpicker/ios`)

EXTERNAL SOURCES:
  Flutter:
    :path: Flutter
  flutter_contact:
    :path: ".symlinks/plugins/flutter_contact/ios"
  fluttercontactpicker:
    :path: ".symlinks/plugins/fluttercontactpicker/ios"

SPEC CHECKSUMS:
  Flutter: 50d75fe2f02b26cc09d224853bb45737f8b3214a
  flutter_contact: de1260a343986ae87ef21dcda46f4ae584eceb8c
  fluttercontactpicker: 141493596bfca4a786d695d2572c65885bc4f088

PODFILE CHECKSUM: aafe91acc616949ddb318b77800a7f51bffa2a4c

COCOAPODS: 1.11.3
